github.com/xuzhuoxi/infra-go v1.4.0 h1:lkE+5yj/PzAD705spMcXzKXJUCf4EgB8RBPshnPUWkE=
github.com/xuzhuoxi/infra-go v1.4.0/go.mod h1:o2CV1yh6vzNDtUgBjVo78Ba/O92qHZLiPNwgZV3jiuA=
golang.org/x/text v0.34.0 h1:oL/Qq0Kdaqxa1KbNeMKwQq0reLCCaFtqu2eNuSeNHbk=
golang.org/x/text v0.34.0/go.mod h1:homfLqTYRFyVYemLBFl5GgL/DWEiH5wcsQ5gSh1yziA=
